{
  "name": "@dwipuspit/validator",
  "version": "1.0.0",
  "lockfileVersion": 3,
  "requires": true,
  "packages": {
    "": {
      "name": "@dwipuspit/validator",
      "version": "1.0.0",
      "license": "ISC",
      "dependencies": {
        "@takadotdev/validator": "^1.0.0"
      }
    },
    "node_modules/@takadotdev/validator": {
      "version": "1.0.0",
      "resolved": "https://registry.npmjs.org/@takadotdev/validator/-/validator-1.0.0.tgz",
      "integrity": "sha512-qVfza0Q311a77neWsZwm7QHoxeJi5Qhfx3Pct36jrWvodL0Avw5lDOmLyxqGkw90Sv61PcI/l3OK1opxQToF9w=="
    }
  }
}
